
Microsoft Visual Studio Solution File, Format Version 12.00
# Visual Studio Version 17
VisualStudioVersion = 17.5.002.0
MinimumVisualStudioVersion = 10.0.40219.1
Project("{9A19103F-16F7-4668-BE54-9A1E7A4F7556}") = "AspnetGraphQL", "AspnetGraphQL.csproj", "{AEFD9E95-4A8B-4B91-BE47-212C03DC678E}"
EndProject
Global
	GlobalSection(SolutionConfigurationPlatforms) = preSolution
		Debug|Any CPU = Debug|Any CPU
		Release|Any CPU = Release|Any CPU
	EndGlobalSection
	GlobalSection(ProjectConfigurationPlatforms) = postSolution
		{AEFD9E95-4A8B-4B91-BE47-212C03DC678E}.Debug|Any CPU.ActiveCfg = Debug|Any CPU
		{AEFD9E95-4A8B-4B91-BE47-212C03DC678E}.Debug|Any CPU.Build.0 = Debug|Any CPU
		{AEFD9E95-4A8B-4B91-BE47-212C03DC678E}.Release|Any CPU.ActiveCfg = Release|Any CPU
		{AEFD9E95-4A8B-4B91-BE47-212C03DC678E}.Release|Any CPU.Build.0 = Release|Any CPU
	EndGlobalSection
	GlobalSection(SolutionProperties) = preSolution
		HideSolutionNode = FALSE
	EndGlobalSection
	GlobalSection(ExtensibilityGlobals) = postSolution
		SolutionGuid = {9FD65492-A451-4579-B378-182D2E455710}
	EndGlobalSection
EndGlobal
